// !$*UTF8*$!
{
	archiveVersion = 1;
	classes = {
	};
	objectVersion = 50;
	objects = {

/* Begin PBXBuildFile section */
		8BCA3008240C176E00DFEE3E /* AppDelegate.swift in Sources */ = {isa = PBXBuildFile; fileRef = 8BCA3007240C176E00DFEE3E /* AppDelegate.swift */; };
		8BCA300A240C176E00DFEE3E /* SceneDelegate.swift in Sources */ = {isa = PBXBuildFile; fileRef = 8BCA3009240C176E00DFEE3E /* SceneDelegate.swift */; };
		8BCA300C240C176E00DFEE3E /* ViewController.swift in Sources */ = {isa = PBXBuildFile; fileRef = 8BCA300B240C176E00DFEE3E /* ViewController.swift */; };
		8BCA300F240C176E00DFEE3E /* Main.storyboard in Resources */ = {isa = PBXBuildFile; fileRef = 8BCA300D240C176E00DFEE3E /* Main.storyboard */; };
		8BCA3011240C176E00DFEE3E /* Assets.xcassets in Resources */ = {isa = PBXBuildFile; fileRef = 8BCA3010240C176E00DFEE3E /* Assets.xcassets */; };
		8BCA3014240C176E00DFEE3E /* LaunchScreen.storyboard in Resources */ = {isa = PBXBuildFile; fileRef = 8BCA3012240C176E00DFEE3E /* LaunchScreen.storyboard */; };
		8BCA301C240C178A00DFEE3E /* TrafficLIght.swift in Sources */ = {isa = PBXBuildFile; fileRef = 8BCA301B240C178A00DFEE3E /* TrafficLIght.swift */; };
		8BCA301E240C17DF00DFEE3E /* TrafficLightService.swift in Sources */ = {isa = PBXBuildFile; fileRef = 8BCA301D240C17DF00DFEE3E /* TrafficLightService.swift */; };
		8BCA3022240C1A5900DFEE3E /* TrafficLightPresenter.swift in Sources */ = {isa = PBXBuildFile; fileRef = 8BCA3021240C1A5900DFEE3E /* TrafficLightPresenter.swift */; };
/* End PBXBuildFile section */

/* Begin PBXFileReference section */
		8BCA3004240C176E00DFEE3E /* MVPtest.app */ = {isa = PBXFileReference; explicitFileType = wrapper.application; includeInIndex = 0; path = MVPtest.app; sourceTree = BUILT_PRODUCTS_DIR; };
		8BCA3007240C176E00DFEE3E /* AppDelegate.swift */ = {isa = PBXFileReference; lastKnownFileType = sourcecode.swift; path = AppDelegate.swift; sourceTree = "<group>"; };
		8BCA3009240C176E00DFEE3E /* SceneDelegate.swift */ = {isa = PBXFileReference; lastKnownFileType = sourcecode.swift; path = SceneDelegate.swift; sourceTree = "<group>"; };
		8BCA300B240C176E00DFEE3E /* ViewController.swift */ = {isa = PBXFileReference; lastKnownFileType = sourcecode.swift; path = ViewController.swift; sourceTree = "<group>"; };
		8BCA300E240C176E00DFEE3E /* Base */ = {isa = PBXFileReference; lastKnownFileType = file.storyboard; name = Base; path = Base.lproj/Main.storyboard; sourceTree = "<group>"; };
		8BCA3010240C176E00DFEE3E /* Assets.xcassets */ = {isa = PBXFileReference; lastKnownFileType = folder.assetcatalog; path = Assets.xcassets; sourceTree = "<group>"; };
		8BCA3013240C176E00DFEE3E /* Base */ = {isa = PBXFileReference; lastKnownFileType = file.storyboard; name = Base; path = Base.lproj/LaunchScreen.storyboard; sourceTree = "<group>"; };
		8BCA3015240C176E00DFEE3E /* Info.plist */ = {isa = PBXFileReference; lastKnownFileType = text.plist.xml; path = Info.plist; sourceTree = "<group>"; };
		8BCA301B240C178A00DFEE3E /* TrafficLIght.swift */ = {isa = PBXFileReference; lastKnownFileType = sourcecode.swift; path = TrafficLIght.swift; sourceTree = "<group>"; };
		8BCA301D240C17DF00DFEE3E /* TrafficLightService.swift */ = {isa = PBXFileReference; lastKnownFileType = sourcecode.swift; path = TrafficLightService.swift; sourceTree = "<group>"; };
		8BCA3021240C1A5900DFEE3E /* TrafficLightPresenter.swift */ = {isa = PBXFileReference; lastKnownFileType = sourcecode.swift; path = TrafficLightPresenter.swift; sourceTree = "<group>"; };
/* End PBXFileReference section */

/* Begin PBXFrameworksBuildPhase section */
		8BCA3001240C176E00DFEE3E /* Frameworks */ = {
			isa = PBXFrameworksBuildPhase;
			buildActionMask = 2147483647;
			files = (
			);
			runOnlyForDeploymentPostprocessing = 0;
		};
/* End PBXFrameworksBuildPhase section */

/* Begin PBXGroup section */
		8BCA2FFB240C176E00DFEE3E = {
			isa = PBXGroup;
			children = (
				8BCA3006240C176E00DFEE3E /* MVPtest */,
				8BCA3005240C176E00DFEE3E /* Products */,
			);
			sourceTree = "<group>";
		};
		8BCA3005240C176E00DFEE3E /* Products */ = {
			isa = PBXGroup;
			children = (
				8BCA3004240C176E00DFEE3E /* MVPtest.app */,
			);
			name = Products;
			sourceTree = "<group>";
		};
		8BCA3006240C176E00DFEE3E /* MVPtest */ = {
			isa = PBXGroup;
			children = (
				8BCA3026240C209500DFEE3E /* Presenters */,
				8BCA3025240C208300DFEE3E /* View */,
				8BCA3023240C203B00DFEE3E /* DataSource */,
				8BCA3024240C205500DFEE3E /* Models */,
				8BCA3007240C176E00DFEE3E /* AppDelegate.swift */,
				8BCA3009240C176E00DFEE3E /* SceneDelegate.swift */,
				8BCA300D240C176E00DFEE3E /* Main.storyboard */,
				8BCA3010240C176E00DFEE3E /* Assets.xcassets */,
				8BCA3012240C176E00DFEE3E /* LaunchScreen.storyboard */,
				8BCA3015240C176E00DFEE3E /* Info.plist */,
			);
			path = MVPtest;
			sourceTree = "<group>";
		};
		8BCA3023240C203B00DFEE3E /* DataSource */ = {
			isa = PBXGroup;
			children = (
				8BCA301D240C17DF00DFEE3E /* TrafficLightService.swift */,
			);
			path = DataSource;
			sourceTree = "<group>";
		};
		8BCA3024240C205500DFEE3E /* Models */ = {
			isa = PBXGroup;
			children = (
				8BCA301B240C178A00DFEE3E /* TrafficLIght.swift */,
			);
			path = Models;
			sourceTree = "<group>";
		};
		8BCA3025240C208300DFEE3E /* View */ = {
			isa = PBXGroup;
			children = (
				8BCA300B240C176E00DFEE3E /* ViewController.swift */,
			);
			path = View;
			sourceTree = "<group>";
		};
		8BCA3026240C209500DFEE3E /* Presenters */ = {
			isa = PBXGroup;
			children = (
				8BCA3021240C1A5900DFEE3E /* TrafficLightPresenter.swift */,
			);
			path = Presenters;
			sourceTree = "<group>";
		};
/* End PBXGroup section */

/* Begin PBXNativeTarget section */
		8BCA3003240C176E00DFEE3E /* MVPtest */ = {
			isa = PBXNativeTarget;
			buildConfigurationList = 8BCA3018240C176E00DFEE3E /* Build configuration list for PBXNativeTarget "MVPtest" */;
			buildPhases = (
				8BCA3000240C176E00DFEE3E /* Sources */,
				8BCA3001240C176E00DFEE3E /* Frameworks */,
				8BCA3002240C176E00DFEE3E /* Resources */,
			);
			buildRules = (
			);
			dependencies = (
			);
			name = MVPtest;
			productName = MVPtest;
			productReference = 8BCA3004240C176E00DFEE3E /* MVPtest.app */;
			productType = "com.apple.product-type.application";
		};
/* End PBXNativeTarget section */

/* Begin PBXProject section */
		8BCA2FFC240C176E00DFEE3E /* Project object */ = {
			isa = PBXProject;
			attributes = {
				LastSwiftUpdateCheck = 1130;
				LastUpgradeCheck = 1130;
				ORGANIZATIONNAME = "Aleksey Usanov";
				TargetAttributes = {
					8BCA3003240C176E00DFEE3E = {
						CreatedOnToolsVersion = 11.3.1;
					};
				};
			};
			buildConfigurationList = 8BCA2FFF240C176E00DFEE3E /* Build configuration list for PBXProject "MVPtest" */;
			compatibilityVersion = "Xcode 9.3";
			developmentRegion = en;
			hasScannedForEncodings = 0;
			knownRegions = (
				en,
				Base,
			);
			mainGroup = 8BCA2FFB240C176E00DFEE3E;
			productRefGroup = 8BCA3005240C176E00DFEE3E /* Products */;
			projectDirPath = "";
			projectRoot = "";
			targets = (
				8BCA3003240C176E00DFEE3E /* MVPtest */,
			);
		};
/* End PBXProject section */

/* Begin PBXResourcesBuildPhase section */
		8BCA3002240C176E00DFEE3E /* Resources */ = {
			isa = PBXResourcesBuildPhase;
			buildActionMask = 2147483647;
			files = (
				8BCA3014240C176E00DFEE3E /* LaunchScreen.storyboard in Resources */,
				8BCA3011240C176E00DFEE3E /* Assets.xcassets in Resources */,
				8BCA300F240C176E00DFEE3E /* Main.storyboard in Resources */,
			);
			runOnlyForDeploymentPostprocessing = 0;
		};
/* End PBXResourcesBuildPhase section */

/* Begin PBXSourcesBuildPhase section */
		8BCA3000240C176E00DFEE3E /* Sources */ = {
			isa = PBXSourcesBuildPhase;
			buildActionMask = 2147483647;
			files = (
				8BCA3022240C1A5900DFEE3E /* TrafficLightPresenter.swift in Sources */,
				8BCA301C240C178A00DFEE3E /* TrafficLIght.swift in Sources */,
				8BCA300C240C176E00DFEE3E /* ViewController.swift in Sources */,
				8BCA301E240C17DF00DFEE3E /* TrafficLightService.swift in Sources */,
				8BCA3008240C176E00DFEE3E /* AppDelegate.swift in Sources */,
				8BCA300A240C176E00DFEE3E /* SceneDelegate.swift in Sources */,
			);
			runOnlyForDeploymentPostprocessing = 0;
		};
/* End PBXSourcesBuildPhase section */

/* Begin PBXVariantGroup section */
		8BCA300D240C176E00DFEE3E /* Main.storyboard */ = {
			isa = PBXVariantGroup;
			children = (
				8BCA300E240C176E00DFEE3E /* Base */,
			);
			name = Main.storyboard;
			sourceTree = "<group>";
		};
		8BCA3012240C176E00DFEE3E /* LaunchScreen.storyboard */ = {
			isa = PBXVariantGroup;
			children = (
				8BCA3013240C176E00DFEE3E /* Base */,
			);
			name = LaunchScreen.storyboard;
			sourceTree = "<group>";
		};
/* End PBXVariantGroup section */

/* Begin XCBuildConfiguration section */
		8BCA3016240C176E00DFEE3E /* Debug */ = {
			isa = XCBuildConfiguration;
			buildSettings = {
				ALWAYS_SEARCH_USER_PATHS = NO;
				CLANG_ANALYZER_NONNULL = YES;
				CLANG_ANALYZER_NUMBER_OBJECT_CONVERSION = YES_AGGRESSIVE;
				CLANG_CXX_LANGUAGE_STANDARD = "gnu++14";
				CLANG_CXX_LIBRARY = "libc++";
				CLANG_ENABLE_MODULES = YES;
				CLANG_ENABLE_OBJC_ARC = YES;
				CLANG_ENABLE_OBJC_WEAK = YES;
				CLANG_WARN_BLOCK_CAPTURE_AUTORELEASING = YES;
				CLANG_WARN_BOOL_CONVERSION = YES;
				CLANG_WARN_COMMA = YES;
				CLANG_WARN_CONSTANT_CONVERSION = YES;
				CLANG_WARN_DEPRECATED_OBJC_IMPLEMENTATIONS = YES;
				CLANG_WARN_DIRECT_OBJC_ISA_USAGE = YES_ERROR;
				CLANG_WARN_DOCUMENTATION_COMMENTS = YES;
				CLANG_WARN_EMPTY_BODY = YES;
				CLANG_WARN_ENUM_CONVERSION = YES;
				CLANG_WARN_INFINITE_RECURSION = YES;
				CLANG_WARN_INT_CONVERSION = YES;
				CLANG_WARN_NON_LITERAL_NULL_CONVERSION = YES;
				CLANG_WARN_OBJC_IMPLICIT_RETAIN_SELF = YES;
				CLANG_WARN_OBJC_LITERAL_CONVERSION = YES;
				CLANG_WARN_OBJC_ROOT_CLASS = YES_ERROR;
				CLANG_WARN_RANGE_LOOP_ANALYSIS = YES;
				CLANG_WARN_STRICT_PROTOTYPES = YES;
				CLANG_WARN_SUSPICIOUS_MOVE = YES;
				CLANG_WARN_UNGUARDED_AVAILABILITY = YES_AGGRESSIVE;
				CLANG_WARN_UNREACHABLE_CODE = YES;
				CLANG_WARN__DUPLICATE_METHOD_MATCH = YES;
				COPY_PHASE_STRIP = NO;
				DEBUG_INFORMATION_FORMAT = dwarf;
				ENABLE_STRICT_OBJC_MSGSEND = YES;
				ENABLE_TESTABILITY = YES;
				GCC_C_LANGUAGE_STANDARD = gnu11;
				GCC_DYNAMIC_NO_PIC = NO;
				GCC_NO_COMMON_BLOCKS = YES;
				GCC_OPTIMIZATION_LEVEL = 0;
				GCC_PREPROCESSOR_DEFINITIONS = (
					"DEBUG=1",
					"$(inherited)",
				);
				GCC_WARN_64_TO_32_BIT_CONVERSION = YES;
				GCC_WARN_ABOUT_RETURN_TYPE = YES_ERROR;
				GCC_WARN_UNDECLARED_SELECTOR = YES;
				GCC_WARN_UNINITIALIZED_AUTOS = YES_AGGRESSIVE;
				GCC_WARN_UNUSED_FUNCTION = YES;
				GCC_WARN_UNUSED_VARIABLE = YES;
				IPHONEOS_DEPLOYMENT_TARGET = 13.2;
				MTL_ENABLE_DEBUG_INFO = INCLUDE_SOURCE;
				MTL_FAST_MATH = YES;
				ONLY_ACTIVE_ARCH = YES;
				SDKROOT = iphoneos;
				SWIFT_ACTIVE_COMPILATION_CONDITIONS = DEBUG;
				SWIFT_OPTIMIZATION_LEVEL = "-Onone";
			};
			name = Debug;
		};
		8BCA3017240C176E00DFEE3E /* Release */ = {
			isa = XCBuildConfiguration;
			buildSettings = {
				ALWAYS_SEARCH_USER_PATHS = NO;
				CLANG_ANALYZER_NONNULL = YES;
				CLANG_ANALYZER_NUMBER_OBJECT_CONVERSION = YES_AGGRESSIVE;
				CLANG_CXX_LANGUAGE_STANDARD = "gnu++14";
				CLANG_CXX_LIBRARY = "libc++";
				CLANG_ENABLE_MODULES = YES;
				CLANG_ENABLE_OBJC_ARC = YES;
				CLANG_ENABLE_OBJC_WEAK = YES;
				CLANG_WARN_BLOCK_CAPTURE_AUTORELEASING = YES;
				CLANG_WARN_BOOL_CONVERSION = YES;
				CLANG_WARN_COMMA = YES;
				CLANG_WARN_CONSTANT_CONVERSION = YES;
				CLANG_WARN_DEPRECATED_OBJC_IMPLEMENTATIONS = YES;
				CLANG_WARN_DIRECT_OBJC_ISA_USAGE = YES_ERROR;
				CLANG_WARN_DOCUMENTATION_COMMENTS = YES;
				CLANG_WARN_EMPTY_BODY = YES;
				CLANG_WARN_ENUM_CONVERSION = YES;
				CLANG_WARN_INFINITE_RECURSION = YES;
				CLANG_WARN_INT_CONVERSION = YES;
				CLANG_WARN_NON_LITERAL_NULL_CONVERSION = YES;
				CLANG_WARN_OBJC_IMPLICIT_RETAIN_SELF = YES;
				CLANG_WARN_OBJC_LITERAL_CONVERSION = YES;
				CLANG_WARN_OBJC_ROOT_CLASS = YES_ERROR;
				CLANG_WARN_RANGE_LOOP_ANALYSIS = YES;
				CLANG_WARN_STRICT_PROTOTYPES = YES;
				CLANG_WARN_SUSPICIOUS_MOVE = YES;
				CLANG_WARN_UNGUARDED_AVAILABILITY = YES_AGGRESSIVE;
				CLANG_WARN_UNREACHABLE_CODE = YES;
				CLANG_WARN__DUPLICATE_METHOD_MATCH = YES;
				COPY_PHASE_STRIP = NO;
				DEBUG_INFORMATION_FORMAT = "dwarf-with-dsym";
				ENABLE_NS_ASSERTIONS = NO;
				ENABLE_STRICT_OBJC_MSGSEND = YES;
				GCC_C_LANGUAGE_STANDARD = gnu11;
				GCC_NO_COMMON_BLOCKS = YES;
				GCC_WARN_64_TO_32_BIT_CONVERSION = YES;
				GCC_WARN_ABOUT_RETURN_TYPE = YES_ERROR;
				GCC_WARN_UNDECLARED_SELECTOR = YES;
				GCC_WARN_UNINITIALIZED_AUTOS = YES_AGGRESSIVE;
				GCC_WARN_UNUSED_FUNCTION = YES;
				GCC_WARN_UNUSED_VARIABLE = YES;
				IPHONEOS_DEPLOYMENT_TARGET = 13.2;
				MTL_ENABLE_DEBUG_INFO = NO;
				MTL_FAST_MATH = YES;
				SDKROOT = iphoneos;
				SWIFT_COMPILATION_MODE = wholemodule;
				SWIFT_OPTIMIZATION_LEVEL = "-O";
				VALIDATE_PRODUCT = YES;
			};
			name = Release;
		};
		8BCA3019240C176E00DFEE3E /* Debug */ = {
			isa = XCBuildConfiguration;
			buildSettings = {
				ASSETCATALOG_COMPILER_APPICON_NAME = AppIcon;
				CODE_SIGN_STYLE = Automatic;
				DEVELOPMENT_TEAM = PV86YXPL67;
				INFOPLIST_FILE = MVPtest/Info.plist;
				LD_RUNPATH_SEARCH_PATHS = (
					"$(inherited)",
					"@executable_path/Frameworks",
				);
				PRODUCT_BUNDLE_IDENTIFIER = com.sunrizz.MVPtest;
				PRODUCT_NAME = "$(TARGET_NAME)";
				SWIFT_VERSION = 5.0;
				TARGETED_DEVICE_FAMILY = "1,2";
			};
			name = Debug;
		};
		8BCA301A240C176E00DFEE3E /* Release */ = {
			isa = XCBuildConfiguration;
			buildSettings = {
				ASSETCATALOG_COMPILER_APPICON_NAME = AppIcon;
				CODE_SIGN_STYLE = Automatic;
				DEVELOPMENT_TEAM = PV86YXPL67;
				INFOPLIST_FILE = MVPtest/Info.plist;
				LD_RUNPATH_SEARCH_PATHS = (
					"$(inherited)",
					"@executable_path/Frameworks",
				);
				PRODUCT_BUNDLE_IDENTIFIER = com.sunrizz.MVPtest;
				PRODUCT_NAME = "$(TARGET_NAME)";
				SWIFT_VERSION = 5.0;
				TARGETED_DEVICE_FAMILY = "1,2";
			};
			name = Release;
		};
/* End XCBuildConfiguration section */

/* Begin XCConfigurationList section */
		8BCA2FFF240C176E00DFEE3E /* Build configuration list for PBXProject "MVPtest" */ = {
			isa = XCConfigurationList;
			buildConfigurations = (
				8BCA3016240C176E00DFEE3E /* Debug */,
				8BCA3017240C176E00DFEE3E /* Release */,
			);
			defaultConfigurationIsVisible = 0;
			defaultConfigurationName = Release;
		};
		8BCA3018240C176E00DFEE3E /* Build configuration list for PBXNativeTarget "MVPtest" */ = {
			isa = XCConfigurationList;
			buildConfigurations = (
				8BCA3019240C176E00DFEE3E /* Debug */,
				8BCA301A240C176E00DFEE3E /* Release */,
			);
			defaultConfigurationIsVisible = 0;
			defaultConfigurationName = Release;
		};
/* End XCConfigurationList section */
	};
	rootObject = 8BCA2FFC240C176E00DFEE3E /* Project object */;
}
